
Microsoft Visual Studio Solution File, Format Version 12.00
# Visual Studio 14
VisualStudioVersion = 14.0.23107.0
MinimumVisualStudioVersion = 10.0.40219.1
Project("{E24C65DC-7377-472B-9ABA-BC803B73C61A}") = "SitiosTerminales", "..\..\Diseño I\Obligatorio\Solucion completa\ObligatorioTerminales\SitiosTerminales\", "{5667DD40-BBB3-4E73-BB9E-92326DE58501}"
	ProjectSection(WebsiteProperties) = preProject
		TargetFrameworkMoniker = ".NETFramework,Version%3Dv4.5.2"
		ProjectReferences = "{9c3f33ac-1749-403c-aa98-7abbeb9db0fe}|ModeloEF.dll;"
		Debug.AspNetCompiler.VirtualPath = "/localhost_63336"
		Debug.AspNetCompiler.PhysicalPath = "..\..\Diseño I\Obligatorio\Solucion completa\ObligatorioTerminales\SitiosTerminales\"
		Debug.AspNetCompiler.TargetPath = "PrecompiledWeb\localhost_63336\"
		Debug.AspNetCompiler.Updateable = "true"
		Debug.AspNetCompiler.ForceOverwrite = "true"
		Debug.AspNetCompiler.FixedNames = "false"
		Debug.AspNetCompiler.Debug = "True"
		Release.AspNetCompiler.VirtualPath = "/localhost_63336"
		Release.AspNetCompiler.PhysicalPath = "..\..\Diseño I\Obligatorio\Solucion completa\ObligatorioTerminales\SitiosTerminales\"
		Release.AspNetCompiler.TargetPath = "PrecompiledWeb\localhost_63336\"
		Release.AspNetCompiler.Updateable = "true"
		Release.AspNetCompiler.ForceOverwrite = "true"
		Release.AspNetCompiler.FixedNames = "false"
		Release.AspNetCompiler.Debug = "False"
		VWDPort = "63336"
		SlnRelativePath = "..\..\Diseño I\Obligatorio\Solucion completa\ObligatorioTerminales\SitiosTerminales\"
	EndProjectSection
EndProject
Project("{FAE04EC0-301F-11D3-BF4B-00C04F79EFBC}") = "ModeloEF", "ModeloEF\ModeloEF.csproj", "{9C3F33AC-1749-403C-AA98-7ABBEB9DB0FE}"
EndProject
Global
	GlobalSection(SolutionConfigurationPlatforms) = preSolution
		Debug|Any CPU = Debug|Any CPU
		Release|Any CPU = Release|Any CPU
	EndGlobalSection
	GlobalSection(ProjectConfigurationPlatforms) = postSolution
		{5667DD40-BBB3-4E73-BB9E-92326DE58501}.Debug|Any CPU.ActiveCfg = Debug|Any CPU
		{5667DD40-BBB3-4E73-BB9E-92326DE58501}.Debug|Any CPU.Build.0 = Debug|Any CPU
		{5667DD40-BBB3-4E73-BB9E-92326DE58501}.Release|Any CPU.ActiveCfg = Debug|Any CPU
		{5667DD40-BBB3-4E73-BB9E-92326DE58501}.Release|Any CPU.Build.0 = Debug|Any CPU
		{9C3F33AC-1749-403C-AA98-7ABBEB9DB0FE}.Debug|Any CPU.ActiveCfg = Debug|Any CPU
		{9C3F33AC-1749-403C-AA98-7ABBEB9DB0FE}.Debug|Any CPU.Build.0 = Debug|Any CPU
		{9C3F33AC-1749-403C-AA98-7ABBEB9DB0FE}.Release|Any CPU.ActiveCfg = Release|Any CPU
		{9C3F33AC-1749-403C-AA98-7ABBEB9DB0FE}.Release|Any CPU.Build.0 = Release|Any CPU
	EndGlobalSection
	GlobalSection(SolutionProperties) = preSolution
		HideSolutionNode = FALSE
	EndGlobalSection
EndGlobal
